
Microsoft Visual Studio Solution File, Format Version 12.00
# Visual Studio Version 16
VisualStudioVersion = 16.0.31515.178
MinimumVisualStudioVersion = 10.0.40219.1
Project("{9A19103F-16F7-4668-BE54-9A1E7A4F7556}") = "Data", "Data\Data.csproj", "{46841929-758D-4136-A9DB-65FE6D3FB9C8}"
EndProject
Project("{9A19103F-16F7-4668-BE54-9A1E7A4F7556}") = "DataTests", "DataTests\DataTests.csproj", "{3B39FF60-50B1-441A-979E-196DD55723AD}"
EndProject
Project("{9A19103F-16F7-4668-BE54-9A1E7A4F7556}") = "PointOfSale", "PointOfSale\PointOfSale.csproj", "{5A16CE71-E741-4E64-A153-7599AEFC319E}"
EndProject
Project("{2150E333-8FDC-42A3-9474-1A3956D46DE8}") = "Solution Items", "Solution Items", "{8A7F0256-CC5B-41B3-9EE3-33D3532F3E7C}"
	ProjectSection(SolutionItems) = preProject
		..\..\..\Downloads\RoundRegister.dll = ..\..\..\Downloads\RoundRegister.dll
	EndProjectSection
EndProject
Project("{9A19103F-16F7-4668-BE54-9A1E7A4F7556}") = "PointOfSaleTests", "PointOfSaleTests\PointOfSaleTests.csproj", "{6A4A2DA1-308E-462B-9BA0-C11C187FEDCE}"
EndProject
Global
	GlobalSection(SolutionConfigurationPlatforms) = preSolution
		Debug|Any CPU = Debug|Any CPU
		Release|Any CPU = Release|Any CPU
	EndGlobalSection
	GlobalSection(ProjectConfigurationPlatforms) = postSolution
		{46841929-758D-4136-A9DB-65FE6D3FB9C8}.Debug|Any CPU.ActiveCfg = Debug|Any CPU
		{46841929-758D-4136-A9DB-65FE6D3FB9C8}.Debug|Any CPU.Build.0 = Debug|Any CPU
		{46841929-758D-4136-A9DB-65FE6D3FB9C8}.Release|Any CPU.ActiveCfg = Release|Any CPU
		{46841929-758D-4136-A9DB-65FE6D3FB9C8}.Release|Any CPU.Build.0 = Release|Any CPU
		{3B39FF60-50B1-441A-979E-196DD55723AD}.Debug|Any CPU.ActiveCfg = Debug|Any CPU
		{3B39FF60-50B1-441A-979E-196DD55723AD}.Debug|Any CPU.Build.0 = Debug|Any CPU
		{3B39FF60-50B1-441A-979E-196DD55723AD}.Release|Any CPU.ActiveCfg = Release|Any CPU
		{3B39FF60-50B1-441A-979E-196DD55723AD}.Release|Any CPU.Build.0 = Release|Any CPU
		{5A16CE71-E741-4E64-A153-7599AEFC319E}.Debug|Any CPU.ActiveCfg = Debug|Any CPU
		{5A16CE71-E741-4E64-A153-7599AEFC319E}.Debug|Any CPU.Build.0 = Debug|Any CPU
		{5A16CE71-E741-4E64-A153-7599AEFC319E}.Release|Any CPU.ActiveCfg = Release|Any CPU
		{5A16CE71-E741-4E64-A153-7599AEFC319E}.Release|Any CPU.Build.0 = Release|Any CPU
		{6A4A2DA1-308E-462B-9BA0-C11C187FEDCE}.Debug|Any CPU.ActiveCfg = Debug|Any CPU
		{6A4A2DA1-308E-462B-9BA0-C11C187FEDCE}.Debug|Any CPU.Build.0 = Debug|Any CPU
		{6A4A2DA1-308E-462B-9BA0-C11C187FEDCE}.Release|Any CPU.ActiveCfg = Release|Any CPU
		{6A4A2DA1-308E-462B-9BA0-C11C187FEDCE}.Release|Any CPU.Build.0 = Release|Any CPU
	EndGlobalSection
	GlobalSection(SolutionProperties) = preSolution
		HideSolutionNode = FALSE
	EndGlobalSection
	GlobalSection(ExtensibilityGlobals) = postSolution
		SolutionGuid = {A2CAABC1-2BE8-4B4B-A378-DFD02A1D8231}
	EndGlobalSection
EndGlobal
